{
  "name": "antlr4-grammar",
  "lockfileVersion": 2,
  "requires": true,
  "packages": {
    "": {
      "dependencies": {
        "toposort": "^2.0.2"
      },
      "devDependencies": {
        "@types/toposort": "^2.0.3"
      }
    },
    "node_modules/@types/toposort": {
      "version": "2.0.3",
      "resolved": "https://registry.npmjs.org/@types/toposort/-/toposort-2.0.3.tgz",
      "integrity": "sha512-jRtyvEu0Na/sy0oIxBW0f6wPQjidgVqlmCTJVHEGTNEUdL1f0YSvdPzHY7nX7MUWAZS6zcAa0KkqofHjy/xDZQ==",
      "dev": true
    },
    "node_modules/toposort": {
      "version": "2.0.2",
      "resolved": "https://registry.npmjs.org/toposort/-/toposort-2.0.2.tgz",
      "integrity": "sha512-0a5EOkAUp8D4moMi2W8ZF8jcga7BgZd91O/yabJCFY8az+XSzeGyTKs0Aoo897iV1Nj6guFq8orWDS96z91oGg=="
    }
  },
  "dependencies": {
    "@types/toposort": {
      "version": "2.0.3",
      "resolved": "https://registry.npmjs.org/@types/toposort/-/toposort-2.0.3.tgz",
      "integrity": "sha512-jRtyvEu0Na/sy0oIxBW0f6wPQjidgVqlmCTJVHEGTNEUdL1f0YSvdPzHY7nX7MUWAZS6zcAa0KkqofHjy/xDZQ==",
      "dev": true
    },
    "toposort": {
      "version": "2.0.2",
      "resolved": "https://registry.npmjs.org/toposort/-/toposort-2.0.2.tgz",
      "integrity": "sha512-0a5EOkAUp8D4moMi2W8ZF8jcga7BgZd91O/yabJCFY8az+XSzeGyTKs0Aoo897iV1Nj6guFq8orWDS96z91oGg=="
    }
  }
}
